
Microsoft Visual Studio Solution File, Format Version 12.00
# Visual Studio Version 17
VisualStudioVersion = 17.4.33122.133
MinimumVisualStudioVersion = 10.0.40219.1
Project("{FAE04EC0-301F-11D3-BF4B-00C04F79EFBC}") = "TestProject", "TestProject\TestProject.csproj", "{B7B9BDAB-01E9-4720-9C17-3D36A364D918}"
EndProject
Global
	GlobalSection(SolutionConfigurationPlatforms) = preSolution
		Debug|Any CPU = Debug|Any CPU
		Release|Any CPU = Release|Any CPU
	EndGlobalSection
	GlobalSection(ProjectConfigurationPlatforms) = postSolution
		{B7B9BDAB-01E9-4720-9C17-3D36A364D918}.Debug|Any CPU.ActiveCfg = Debug|Any CPU
		{B7B9BDAB-01E9-4720-9C17-3D36A364D918}.Debug|Any CPU.Build.0 = Debug|Any CPU
		{B7B9BDAB-01E9-4720-9C17-3D36A364D918}.Release|Any CPU.ActiveCfg = Release|Any CPU
		{B7B9BDAB-01E9-4720-9C17-3D36A364D918}.Release|Any CPU.Build.0 = Release|Any CPU
	EndGlobalSection
	GlobalSection(SolutionProperties) = preSolution
		HideSolutionNode = FALSE
	EndGlobalSection
	GlobalSection(ExtensibilityGlobals) = postSolution
		SolutionGuid = {F8694033-A00D-4356-A22E-A8A03B33B26B}
	EndGlobalSection
EndGlobal
